// !$*UTF8*$!
{
	archiveVersion = 1;
	classes = {
	};
	objectVersion = 46;
	objects = {

/* Begin PBXBuildFile section */
		1821B4A6D0A763E76B46C3F2 /* libPods.a in Frameworks */ = {isa = PBXBuildFile; fileRef = E88D488BDA3E14D8AB5C1851 /* libPods.a */; };
		A307455B1C3E311300E52A91 /* TripleJMusicTrack+CoreDataProperties.m in Sources */ = {isa = PBXBuildFile; fileRef = A30745581C3E311300E52A91 /* TripleJMusicTrack+CoreDataProperties.m */; };
		A307455C1C3E311300E52A91 /* TripleJMusicTrack.m in Sources */ = {isa = PBXBuildFile; fileRef = A307455A1C3E311300E52A91 /* TripleJMusicTrack.m */; };
		A3B566C41C3CBEE30054475E /* AddSongViewController.m in Sources */ = {isa = PBXBuildFile; fileRef = A3B566C31C3CBEE30054475E /* AddSongViewController.m */; };
		A3B566C71C3CD6290054475E /* AddDataViewController.m in Sources */ = {isa = PBXBuildFile; fileRef = A3B566C61C3CD6290054475E /* AddDataViewController.m */; };
		A3B566CB1C3CE8DF0054475E /* Model.xcdatamodeld in Sources */ = {isa = PBXBuildFile; fileRef = A3B566C91C3CE8DF0054475E /* Model.xcdatamodeld */; };
		A3B566EA1C3CEA390054475E /* Genre+CoreDataProperties.m in Sources */ = {isa = PBXBuildFile; fileRef = A3B566DF1C3CEA390054475E /* Genre+CoreDataProperties.m */; };
		A3B566EB1C3CEA390054475E /* Genre.m in Sources */ = {isa = PBXBuildFile; fileRef = A3B566E11C3CEA390054475E /* Genre.m */; };
		A3B566EC1C3CEA390054475E /* Artist+CoreDataProperties.m in Sources */ = {isa = PBXBuildFile; fileRef = A3B566E31C3CEA390054475E /* Artist+CoreDataProperties.m */; };
		A3B566ED1C3CEA390054475E /* Artist.m in Sources */ = {isa = PBXBuildFile; fileRef = A3B566E51C3CEA390054475E /* Artist.m */; };
		A3B566EE1C3CEA390054475E /* Song+CoreDataProperties.m in Sources */ = {isa = PBXBuildFile; fileRef = A3B566E71C3CEA390054475E /* Song+CoreDataProperties.m */; };
		A3B566EF1C3CEA390054475E /* Song.m in Sources */ = {isa = PBXBuildFile; fileRef = A3B566E91C3CEA390054475E /* Song.m */; };
		A3D45A141C3DD48600F1A2BD /* GenreViewController.m in Sources */ = {isa = PBXBuildFile; fileRef = A3D45A131C3DD48600F1A2BD /* GenreViewController.m */; };
		A3D45A171C3DD81100F1A2BD /* ArtistViewController.m in Sources */ = {isa = PBXBuildFile; fileRef = A3D45A161C3DD81100F1A2BD /* ArtistViewController.m */; };
		A3D45A1E1C3E171A00F1A2BD /* TripleJViewController.m in Sources */ = {isa = PBXBuildFile; fileRef = A3D45A1D1C3E171A00F1A2BD /* TripleJViewController.m */; };
		A3D45A211C3E211400F1A2BD /* NetworkManager.m in Sources */ = {isa = PBXBuildFile; fileRef = A3D45A201C3E211400F1A2BD /* NetworkManager.m */; };
		A3D5AED21C3CA558003695E9 /* main.m in Sources */ = {isa = PBXBuildFile; fileRef = A3D5AED11C3CA558003695E9 /* main.m */; };
		A3D5AED51C3CA558003695E9 /* AppDelegate.m in Sources */ = {isa = PBXBuildFile; fileRef = A3D5AED41C3CA558003695E9 /* AppDelegate.m */; };
		A3D5AED71C3CA558003695E9 /* Assets.xcassets in Resources */ = {isa = PBXBuildFile; fileRef = A3D5AED61C3CA558003695E9 /* Assets.xcassets */; };
		A3D5AEDA1C3CA558003695E9 /* LaunchScreen.storyboard in Resources */ = {isa = PBXBuildFile; fileRef = A3D5AED81C3CA558003695E9 /* LaunchScreen.storyboard */; };
		A3D5AEE61C3CB677003695E9 /* MusicFeedViewController.m in Sources */ = {isa = PBXBuildFile; fileRef = A3D5AEE51C3CB677003695E9 /* MusicFeedViewController.m */; };
/* End PBXBuildFile section */

/* Begin PBXFileReference section */
		A30745571C3E311300E52A91 /* TripleJMusicTrack+CoreDataProperties.h */ = {isa = PBXFileReference; fileEncoding = 4; lastKnownFileType = sourcecode.c.h; path = "TripleJMusicTrack+CoreDataProperties.h"; sourceTree = "<group>"; };
		A30745581C3E311300E52A91 /* TripleJMusicTrack+CoreDataProperties.m */ = {isa = PBXFileReference; fileEncoding = 4; lastKnownFileType = sourcecode.c.objc; path = "TripleJMusicTrack+CoreDataProperties.m"; sourceTree = "<group>"; };
		A30745591C3E311300E52A91 /* TripleJMusicTrack.h */ = {isa = PBXFileReference; fileEncoding = 4; lastKnownFileType = sourcecode.c.h; path = TripleJMusicTrack.h; sourceTree = "<group>"; };
		A307455A1C3E311300E52A91 /* TripleJMusicTrack.m */ = {isa = PBXFileReference; fileEncoding = 4; lastKnownFileType = sourcecode.c.objc; path = TripleJMusicTrack.m; sourceTree = "<group>"; };
		A3B566C21C3CBEE30054475E /* AddSongViewController.h */ = {isa = PBXFileReference; fileEncoding = 4; lastKnownFileType = sourcecode.c.h; path = AddSongViewController.h; sourceTree = "<group>"; };
		A3B566C31C3CBEE30054475E /* AddSongViewController.m */ = {isa = PBXFileReference; fileEncoding = 4; lastKnownFileType = sourcecode.c.objc; path = AddSongViewController.m; sourceTree = "<group>"; };
		A3B566C51C3CD6290054475E /* AddDataViewController.h */ = {isa = PBXFileReference; fileEncoding = 4; lastKnownFileType = sourcecode.c.h; name = AddDataViewController.h; path = "Music Feed/AddDataViewController.h"; sourceTree = "<group>"; };
		A3B566C61C3CD6290054475E /* AddDataViewController.m */ = {isa = PBXFileReference; fileEncoding = 4; lastKnownFileType = sourcecode.c.objc; name = AddDataViewController.m; path = "Music Feed/AddDataViewController.m"; sourceTree = "<group>"; };
		A3B566CA1C3CE8DF0054475E /* Model.xcdatamodel */ = {isa = PBXFileReference; lastKnownFileType = wrapper.xcdatamodel; path = Model.xcdatamodel; sourceTree = "<group>"; };
		A3B566DE1C3CEA390054475E /* Genre+CoreDataProperties.h */ = {isa = PBXFileReference; fileEncoding = 4; lastKnownFileType = sourcecode.c.h; path = "Genre+CoreDataProperties.h"; sourceTree = "<group>"; };
		A3B566DF1C3CEA390054475E /* Genre+CoreDataProperties.m */ = {isa = PBXFileReference; fileEncoding = 4; lastKnownFileType = sourcecode.c.objc; path = "Genre+CoreDataProperties.m"; sourceTree = "<group>"; };
		A3B566E01C3CEA390054475E /* Genre.h */ = {isa = PBXFileReference; fileEncoding = 4; lastKnownFileType = sourcecode.c.h; path = Genre.h; sourceTree = "<group>"; };
		A3B566E11C3CEA390054475E /* Genre.m */ = {isa = PBXFileReference; fileEncoding = 4; lastKnownFileType = sourcecode.c.objc; path = Genre.m; sourceTree = "<group>"; };
		A3B566E21C3CEA390054475E /* Artist+CoreDataProperties.h */ = {isa = PBXFileReference; fileEncoding = 4; lastKnownFileType = sourcecode.c.h; path = "Artist+CoreDataProperties.h"; sourceTree = "<group>"; };
		A3B566E31C3CEA390054475E /* Artist+CoreDataProperties.m */ = {isa = PBXFileReference; fileEncoding = 4; lastKnownFileType = sourcecode.c.objc; path = "Artist+CoreDataProperties.m"; sourceTree = "<group>"; };
		A3B566E41C3CEA390054475E /* Artist.h */ = {isa = PBXFileReference; fileEncoding = 4; lastKnownFileType = sourcecode.c.h; path = Artist.h; sourceTree = "<group>"; };
		A3B566E51C3CEA390054475E /* Artist.m */ = {isa = PBXFileReference; fileEncoding = 4; lastKnownFileType = sourcecode.c.objc; path = Artist.m; sourceTree = "<group>"; };
		A3B566E61C3CEA390054475E /* Song+CoreDataProperties.h */ = {isa = PBXFileReference; fileEncoding = 4; lastKnownFileType = sourcecode.c.h; path = "Song+CoreDataProperties.h"; sourceTree = "<group>"; };
		A3B566E71C3CEA390054475E /* Song+CoreDataProperties.m */ = {isa = PBXFileReference; fileEncoding = 4; lastKnownFileType = sourcecode.c.objc; path = "Song+CoreDataProperties.m"; sourceTree = "<group>"; };
		A3B566E81C3CEA390054475E /* Song.h */ = {isa = PBXFileReference; fileEncoding = 4; lastKnownFileType = sourcecode.c.h; path = Song.h; sourceTree = "<group>"; };
		A3B566E91C3CEA390054475E /* Song.m */ = {isa = PBXFileReference; fileEncoding = 4; lastKnownFileType = sourcecode.c.objc; path = Song.m; sourceTree = "<group>"; };
		A3D45A121C3DD48600F1A2BD /* GenreViewController.h */ = {isa = PBXFileReference; fileEncoding = 4; lastKnownFileType = sourcecode.c.h; path = GenreViewController.h; sourceTree = "<group>"; };
		A3D45A131C3DD48600F1A2BD /* GenreViewController.m */ = {isa = PBXFileReference; fileEncoding = 4; lastKnownFileType = sourcecode.c.objc; path = GenreViewController.m; sourceTree = "<group>"; };
		A3D45A151C3DD81100F1A2BD /* ArtistViewController.h */ = {isa = PBXFileReference; fileEncoding = 4; lastKnownFileType = sourcecode.c.h; path = ArtistViewController.h; sourceTree = "<group>"; };
		A3D45A161C3DD81100F1A2BD /* ArtistViewController.m */ = {isa = PBXFileReference; fileEncoding = 4; lastKnownFileType = sourcecode.c.objc; path = ArtistViewController.m; sourceTree = "<group>"; };
		A3D45A1C1C3E171A00F1A2BD /* TripleJViewController.h */ = {isa = PBXFileReference; fileEncoding = 4; lastKnownFileType = sourcecode.c.h; path = TripleJViewController.h; sourceTree = "<group>"; };
		A3D45A1D1C3E171A00F1A2BD /* TripleJViewController.m */ = {isa = PBXFileReference; fileEncoding = 4; lastKnownFileType = sourcecode.c.objc; path = TripleJViewController.m; sourceTree = "<group>"; };
		A3D45A1F1C3E211400F1A2BD /* NetworkManager.h */ = {isa = PBXFileReference; fileEncoding = 4; lastKnownFileType = sourcecode.c.h; path = NetworkManager.h; sourceTree = "<group>"; };
		A3D45A201C3E211400F1A2BD /* NetworkManager.m */ = {isa = PBXFileReference; fileEncoding = 4; lastKnownFileType = sourcecode.c.objc; path = NetworkManager.m; sourceTree = "<group>"; };
		A3D5AECD1C3CA558003695E9 /* Music Feed.app */ = {isa = PBXFileReference; explicitFileType = wrapper.application; includeInIndex = 0; path = "Music Feed.app"; sourceTree = BUILT_PRODUCTS_DIR; };
		A3D5AED11C3CA558003695E9 /* main.m */ = {isa = PBXFileReference; lastKnownFileType = sourcecode.c.objc; path = main.m; sourceTree = "<group>"; };
		A3D5AED31C3CA558003695E9 /* AppDelegate.h */ = {isa = PBXFileReference; lastKnownFileType = sourcecode.c.h; path = AppDelegate.h; sourceTree = "<group>"; };
		A3D5AED41C3CA558003695E9 /* AppDelegate.m */ = {isa = PBXFileReference; lastKnownFileType = sourcecode.c.objc; path = AppDelegate.m; sourceTree = "<group>"; };
		A3D5AED61C3CA558003695E9 /* Assets.xcassets */ = {isa = PBXFileReference; lastKnownFileType = folder.assetcatalog; path = Assets.xcassets; sourceTree = "<group>"; };
		A3D5AED91C3CA558003695E9 /* Base */ = {isa = PBXFileReference; lastKnownFileType = file.storyboard; name = Base; path = Base.lproj/LaunchScreen.storyboard; sourceTree = "<group>"; };
		A3D5AEDB1C3CA558003695E9 /* Info.plist */ = {isa = PBXFileReference; lastKnownFileType = text.plist.xml; path = Info.plist; sourceTree = "<group>"; };
		A3D5AEE41C3CB677003695E9 /* MusicFeedViewController.h */ = {isa = PBXFileReference; fileEncoding = 4; lastKnownFileType = sourcecode.c.h; path = MusicFeedViewController.h; sourceTree = "<group>"; };
		A3D5AEE51C3CB677003695E9 /* MusicFeedViewController.m */ = {isa = PBXFileReference; fileEncoding = 4; lastKnownFileType = sourcecode.c.objc; path = MusicFeedViewController.m; sourceTree = "<group>"; };
		B8F51165AF3B38067D05879F /* Pods.release.xcconfig */ = {isa = PBXFileReference; includeInIndex = 1; lastKnownFileType = text.xcconfig; name = Pods.release.xcconfig; path = "Pods/Target Support Files/Pods/Pods.release.xcconfig"; sourceTree = "<group>"; };
		E88D488BDA3E14D8AB5C1851 /* libPods.a */ = {isa = PBXFileReference; explicitFileType = archive.ar; includeInIndex = 0; path = libPods.a; sourceTree = BUILT_PRODUCTS_DIR; };
		FCC6ECF5818C10558BC63D26 /* Pods.debug.xcconfig */ = {isa = PBXFileReference; includeInIndex = 1; lastKnownFileType = text.xcconfig; name = Pods.debug.xcconfig; path = "Pods/Target Support Files/Pods/Pods.debug.xcconfig"; sourceTree = "<group>"; };
/* End PBXFileReference section */

/* Begin PBXFrameworksBuildPhase section */
		A3D5AECA1C3CA558003695E9 /* Frameworks */ = {
			isa = PBXFrameworksBuildPhase;
			buildActionMask = 2147483647;
			files = (
				1821B4A6D0A763E76B46C3F2 /* libPods.a in Frameworks */,
			);
			runOnlyForDeploymentPostprocessing = 0;
		};
/* End PBXFrameworksBuildPhase section */

/* Begin PBXGroup section */
		5F935C142F573B0B16454155 /* Frameworks */ = {
			isa = PBXGroup;
			children = (
				E88D488BDA3E14D8AB5C1851 /* libPods.a */,
			);
			name = Frameworks;
			sourceTree = "<group>";
		};
		74F618CFE0F40CC98B11745B /* Pods */ = {
			isa = PBXGroup;
			children = (
				FCC6ECF5818C10558BC63D26 /* Pods.debug.xcconfig */,
				B8F51165AF3B38067D05879F /* Pods.release.xcconfig */,
			);
			name = Pods;
			sourceTree = "<group>";
		};
		A307455D1C3E64FB00E52A91 /* Triple J */ = {
			isa = PBXGroup;
			children = (
				A3D45A1C1C3E171A00F1A2BD /* TripleJViewController.h */,
				A3D45A1D1C3E171A00F1A2BD /* TripleJViewController.m */,
			);
			name = "Triple J";
			sourceTree = "<group>";
		};
		A307455E1C3E650700E52A91 /* Your Music */ = {
			isa = PBXGroup;
			children = (
				A3D5AEE41C3CB677003695E9 /* MusicFeedViewController.h */,
				A3D5AEE51C3CB677003695E9 /* MusicFeedViewController.m */,
			);
			name = "Your Music";
			sourceTree = "<group>";
		};
		A307455F1C3E651E00E52A91 /* Your Music Model */ = {
			isa = PBXGroup;
			children = (
				A3B566DE1C3CEA390054475E /* Genre+CoreDataProperties.h */,
				A3B566DF1C3CEA390054475E /* Genre+CoreDataProperties.m */,
				A3B566E01C3CEA390054475E /* Genre.h */,
				A3B566E11C3CEA390054475E /* Genre.m */,
				A3B566E21C3CEA390054475E /* Artist+CoreDataProperties.h */,
				A3B566E31C3CEA390054475E /* Artist+CoreDataProperties.m */,
				A3B566E41C3CEA390054475E /* Artist.h */,
				A3B566E51C3CEA390054475E /* Artist.m */,
				A3B566E61C3CEA390054475E /* Song+CoreDataProperties.h */,
				A3B566E71C3CEA390054475E /* Song+CoreDataProperties.m */,
				A3B566E81C3CEA390054475E /* Song.h */,
				A3B566E91C3CEA390054475E /* Song.m */,
			);
			name = "Your Music Model";
			sourceTree = "<group>";
		};
		A30745601C3E652A00E52A91 /* Triple J Model */ = {
			isa = PBXGroup;
			children = (
				A30745571C3E311300E52A91 /* TripleJMusicTrack+CoreDataProperties.h */,
				A30745581C3E311300E52A91 /* TripleJMusicTrack+CoreDataProperties.m */,
				A30745591C3E311300E52A91 /* TripleJMusicTrack.h */,
				A307455A1C3E311300E52A91 /* TripleJMusicTrack.m */,
			);
			name = "Triple J Model";
			sourceTree = "<group>";
		};
		A3B566C81C3CE8CB0054475E /* DataModel */ = {
			isa = PBXGroup;
			children = (
				A30745601C3E652A00E52A91 /* Triple J Model */,
				A307455F1C3E651E00E52A91 /* Your Music Model */,
				A3B566C91C3CE8DF0054475E /* Model.xcdatamodeld */,
			);
			name = DataModel;
			sourceTree = "<group>";
		};
		A3D45A181C3DECAF00F1A2BD /* Reuse */ = {
			isa = PBXGroup;
			children = (
				A3B566C51C3CD6290054475E /* AddDataViewController.h */,
				A3B566C61C3CD6290054475E /* AddDataViewController.m */,
			);
			name = Reuse;
			sourceTree = "<group>";
		};
		A3D45A191C3DFFF600F1A2BD /* Genre */ = {
			isa = PBXGroup;
			children = (
				A3D45A121C3DD48600F1A2BD /* GenreViewController.h */,
				A3D45A131C3DD48600F1A2BD /* GenreViewController.m */,
			);
			name = Genre;
			sourceTree = "<group>";
		};
		A3D45A1A1C3DFFFC00F1A2BD /* Artist */ = {
			isa = PBXGroup;
			children = (
				A3D45A151C3DD81100F1A2BD /* ArtistViewController.h */,
				A3D45A161C3DD81100F1A2BD /* ArtistViewController.m */,
			);
			name = Artist;
			sourceTree = "<group>";
		};
		A3D45A1B1C3E000300F1A2BD /* Add Song */ = {
			isa = PBXGroup;
			children = (
				A3B566C21C3CBEE30054475E /* AddSongViewController.h */,
				A3B566C31C3CBEE30054475E /* AddSongViewController.m */,
			);
			name = "Add Song";
			sourceTree = "<group>";
		};
		A3D45A221C3E211A00F1A2BD /* Network */ = {
			isa = PBXGroup;
			children = (
				A3D45A1F1C3E211400F1A2BD /* NetworkManager.h */,
				A3D45A201C3E211400F1A2BD /* NetworkManager.m */,
			);
			name = Network;
			sourceTree = "<group>";
		};
		A3D5AEC41C3CA558003695E9 = {
			isa = PBXGroup;
			children = (
				A3D45A221C3E211A00F1A2BD /* Network */,
				A3D45A181C3DECAF00F1A2BD /* Reuse */,
				A3B566C81C3CE8CB0054475E /* DataModel */,
				A3D5AECF1C3CA558003695E9 /* Music Feed */,
				A3D5AECE1C3CA558003695E9 /* Products */,
				74F618CFE0F40CC98B11745B /* Pods */,
				5F935C142F573B0B16454155 /* Frameworks */,
			);
			sourceTree = "<group>";
		};
		A3D5AECE1C3CA558003695E9 /* Products */ = {
			isa = PBXGroup;
			children = (
				A3D5AECD1C3CA558003695E9 /* Music Feed.app */,
			);
			name = Products;
			sourceTree = "<group>";
		};
		A3D5AECF1C3CA558003695E9 /* Music Feed */ = {
			isa = PBXGroup;
			children = (
				A3D5AED31C3CA558003695E9 /* AppDelegate.h */,
				A3D5AED41C3CA558003695E9 /* AppDelegate.m */,
				A3D7F4DC1C3CB7C900F41C38 /* Screens */,
				A3D5AED61C3CA558003695E9 /* Assets.xcassets */,
				A3D5AED81C3CA558003695E9 /* LaunchScreen.storyboard */,
				A3D5AEDB1C3CA558003695E9 /* Info.plist */,
				A3D5AED01C3CA558003695E9 /* Supporting Files */,
			);
			path = "Music Feed";
			sourceTree = "<group>";
		};
		A3D5AED01C3CA558003695E9 /* Supporting Files */ = {
			isa = PBXGroup;
			children = (
				A3D5AED11C3CA558003695E9 /* main.m */,
			);
			name = "Supporting Files";
			sourceTree = "<group>";
		};
		A3D7F4DC1C3CB7C900F41C38 /* Screens */ = {
			isa = PBXGroup;
			children = (
				A307455D1C3E64FB00E52A91 /* Triple J */,
				A307455E1C3E650700E52A91 /* Your Music */,
				A3D45A1B1C3E000300F1A2BD /* Add Song */,
				A3D45A1A1C3DFFFC00F1A2BD /* Artist */,
				A3D45A191C3DFFF600F1A2BD /* Genre */,
			);
			name = Screens;
			sourceTree = "<group>";
		};
/* End PBXGroup section */

/* Begin PBXNativeTarget section */
		A3D5AECC1C3CA558003695E9 /* Music Feed */ = {
			isa = PBXNativeTarget;
			buildConfigurationList = A3D5AEDE1C3CA558003695E9 /* Build configuration list for PBXNativeTarget "Music Feed" */;
			buildPhases = (
				40FCE8854F2AA170DCDD3950 /* Check Pods Manifest.lock */,
				A3D5AEC91C3CA558003695E9 /* Sources */,
				A3D5AECA1C3CA558003695E9 /* Frameworks */,
				A3D5AECB1C3CA558003695E9 /* Resources */,
				1B767590131342388683CC2F /* Embed Pods Frameworks */,
				F068A0A727127AB566C75ABF /* Copy Pods Resources */,
			);
			buildRules = (
			);
			dependencies = (
			);
			name = "Music Feed";
			productName = "Music Feed";
			productReference = A3D5AECD1C3CA558003695E9 /* Music Feed.app */;
			productType = "com.apple.product-type.application";
		};
/* End PBXNativeTarget section */

/* Begin PBXProject section */
		A3D5AEC51C3CA558003695E9 /* Project object */ = {
			isa = PBXProject;
			attributes = {
				LastUpgradeCheck = 0720;
				ORGANIZATIONNAME = "Luke sammut";
				TargetAttributes = {
					A3D5AECC1C3CA558003695E9 = {
						CreatedOnToolsVersion = 7.2;
					};
				};
			};
			buildConfigurationList = A3D5AEC81C3CA558003695E9 /* Build configuration list for PBXProject "Music Feed" */;
			compatibilityVersion = "Xcode 3.2";
			developmentRegion = English;
			hasScannedForEncodings = 0;
			knownRegions = (
				en,
				Base,
			);
			mainGroup = A3D5AEC41C3CA558003695E9;
			productRefGroup = A3D5AECE1C3CA558003695E9 /* Products */;
			projectDirPath = "";
			projectRoot = "";
			targets = (
				A3D5AECC1C3CA558003695E9 /* Music Feed */,
			);
		};
/* End PBXProject section */

/* Begin PBXResourcesBuildPhase section */
		A3D5AECB1C3CA558003695E9 /* Resources */ = {
			isa = PBXResourcesBuildPhase;
			buildActionMask = 2147483647;
			files = (
				A3D5AED71C3CA558003695E9 /* Assets.xcassets in Resources */,
				A3D5AEDA1C3CA558003695E9 /* LaunchScreen.storyboard in Resources */,
			);
			runOnlyForDeploymentPostprocessing = 0;
		};
/* End PBXResourcesBuildPhase section */

/* Begin PBXShellScriptBuildPhase section */
		1B767590131342388683CC2F /* Embed Pods Frameworks */ = {
			isa = PBXShellScriptBuildPhase;
			buildActionMask = 2147483647;
			files = (
			);
			inputPaths = (
			);
			name = "Embed Pods Frameworks";
			outputPaths = (
			);
			runOnlyForDeploymentPostprocessing = 0;
			shellPath = /bin/sh;
			shellScript = "\"${SRCROOT}/Pods/Target Support Files/Pods/Pods-frameworks.sh\"\n";
			showEnvVarsInLog = 0;
		};
		40FCE8854F2AA170DCDD3950 /* Check Pods Manifest.lock */ = {
			isa = PBXShellScriptBuildPhase;
			buildActionMask = 2147483647;
			files = (
			);
			inputPaths = (
			);
			name = "Check Pods Manifest.lock";
			outputPaths = (
			);
			runOnlyForDeploymentPostprocessing = 0;
			shellPath = /bin/sh;
			shellScript = "diff \"${PODS_ROOT}/../Podfile.lock\" \"${PODS_ROOT}/Manifest.lock\" > /dev/null\nif [[ $? != 0 ]] ; then\n    cat << EOM\nerror: The sandbox is not in sync with the Podfile.lock. Run 'pod install' or update your CocoaPods installation.\nEOM\n    exit 1\nfi\n";
			showEnvVarsInLog = 0;
		};
		F068A0A727127AB566C75ABF /* Copy Pods Resources */ = {
			isa = PBXShellScriptBuildPhase;
			buildActionMask = 2147483647;
			files = (
			);
			inputPaths = (
			);
			name = "Copy Pods Resources";
			outputPaths = (
			);
			runOnlyForDeploymentPostprocessing = 0;
			shellPath = /bin/sh;
			shellScript = "\"${SRCROOT}/Pods/Target Support Files/Pods/Pods-resources.sh\"\n";
			showEnvVarsInLog = 0;
		};
/* End PBXShellScriptBuildPhase section */

/* Begin PBXSourcesBuildPhase section */
		A3D5AEC91C3CA558003695E9 /* Sources */ = {
			isa = PBXSourcesBuildPhase;
			buildActionMask = 2147483647;
			files = (
				A3D45A211C3E211400F1A2BD /* NetworkManager.m in Sources */,
				A307455B1C3E311300E52A91 /* TripleJMusicTrack+CoreDataProperties.m in Sources */,
				A3D45A141C3DD48600F1A2BD /* GenreViewController.m in Sources */,
				A3B566EF1C3CEA390054475E /* Song.m in Sources */,
				A3B566C71C3CD6290054475E /* AddDataViewController.m in Sources */,
				A3D5AEE61C3CB677003695E9 /* MusicFeedViewController.m in Sources */,
				A3B566EA1C3CEA390054475E /* Genre+CoreDataProperties.m in Sources */,
				A3B566EB1C3CEA390054475E /* Genre.m in Sources */,
				A3B566ED1C3CEA390054475E /* Artist.m in Sources */,
				A3B566C41C3CBEE30054475E /* AddSongViewController.m in Sources */,
				A3D5AED51C3CA558003695E9 /* AppDelegate.m in Sources */,
				A3B566EE1C3CEA390054475E /* Song+CoreDataProperties.m in Sources */,
				A3D5AED21C3CA558003695E9 /* main.m in Sources */,
				A3B566EC1C3CEA390054475E /* Artist+CoreDataProperties.m in Sources */,
				A307455C1C3E311300E52A91 /* TripleJMusicTrack.m in Sources */,
				A3B566CB1C3CE8DF0054475E /* Model.xcdatamodeld in Sources */,
				A3D45A1E1C3E171A00F1A2BD /* TripleJViewController.m in Sources */,
				A3D45A171C3DD81100F1A2BD /* ArtistViewController.m in Sources */,
			);
			runOnlyForDeploymentPostprocessing = 0;
		};
/* End PBXSourcesBuildPhase section */

/* Begin PBXVariantGroup section */
		A3D5AED81C3CA558003695E9 /* LaunchScreen.storyboard */ = {
			isa = PBXVariantGroup;
			children = (
				A3D5AED91C3CA558003695E9 /* Base */,
			);
			name = LaunchScreen.storyboard;
			sourceTree = "<group>";
		};
/* End PBXVariantGroup section */

/* Begin XCBuildConfiguration section */
		A3D5AEDC1C3CA558003695E9 /* Debug */ = {
			isa = XCBuildConfiguration;
			buildSettings = {
				ALWAYS_SEARCH_USER_PATHS = NO;
				CLANG_CXX_LANGUAGE_STANDARD = "gnu++0x";
				CLANG_CXX_LIBRARY = "libc++";
				CLANG_ENABLE_MODULES = YES;
				CLANG_ENABLE_OBJC_ARC = YES;
				CLANG_WARN_BOOL_CONVERSION = YES;
				CLANG_WARN_CONSTANT_CONVERSION = YES;
				CLANG_WARN_DIRECT_OBJC_ISA_USAGE = YES_ERROR;
				CLANG_WARN_EMPTY_BODY = YES;
				CLANG_WARN_ENUM_CONVERSION = YES;
				CLANG_WARN_INT_CONVERSION = YES;
				CLANG_WARN_OBJC_ROOT_CLASS = YES_ERROR;
				CLANG_WARN_UNREACHABLE_CODE = YES;
				CLANG_WARN__DUPLICATE_METHOD_MATCH = YES;
				"CODE_SIGN_IDENTITY[sdk=iphoneos*]" = "iPhone Developer";
				COPY_PHASE_STRIP = NO;
				DEBUG_INFORMATION_FORMAT = dwarf;
				ENABLE_STRICT_OBJC_MSGSEND = YES;
				ENABLE_TESTABILITY = YES;
				GCC_C_LANGUAGE_STANDARD = gnu99;
				GCC_DYNAMIC_NO_PIC = NO;
				GCC_NO_COMMON_BLOCKS = YES;
				GCC_OPTIMIZATION_LEVEL = 0;
				GCC_PREPROCESSOR_DEFINITIONS = (
					"DEBUG=1",
					"$(inherited)",
				);
				GCC_WARN_64_TO_32_BIT_CONVERSION = YES;
				GCC_WARN_ABOUT_RETURN_TYPE = YES_ERROR;
				GCC_WARN_UNDECLARED_SELECTOR = YES;
				GCC_WARN_UNINITIALIZED_AUTOS = YES_AGGRESSIVE;
				GCC_WARN_UNUSED_FUNCTION = YES;
				GCC_WARN_UNUSED_VARIABLE = YES;
				IPHONEOS_DEPLOYMENT_TARGET = 9.2;
				MTL_ENABLE_DEBUG_INFO = YES;
				ONLY_ACTIVE_ARCH = YES;
				SDKROOT = iphoneos;
			};
			name = Debug;
		};
		A3D5AEDD1C3CA558003695E9 /* Release */ = {
			isa = XCBuildConfiguration;
			buildSettings = {
				ALWAYS_SEARCH_USER_PATHS = NO;
				CLANG_CXX_LANGUAGE_STANDARD = "gnu++0x";
				CLANG_CXX_LIBRARY = "libc++";
				CLANG_ENABLE_MODULES = YES;
				CLANG_ENABLE_OBJC_ARC = YES;
				CLANG_WARN_BOOL_CONVERSION = YES;
				CLANG_WARN_CONSTANT_CONVERSION = YES;
				CLANG_WARN_DIRECT_OBJC_ISA_USAGE = YES_ERROR;
				CLANG_WARN_EMPTY_BODY = YES;
				CLANG_WARN_ENUM_CONVERSION = YES;
				CLANG_WARN_INT_CONVERSION = YES;
				CLANG_WARN_OBJC_ROOT_CLASS = YES_ERROR;
				CLANG_WARN_UNREACHABLE_CODE = YES;
				CLANG_WARN__DUPLICATE_METHOD_MATCH = YES;
				"CODE_SIGN_IDENTITY[sdk=iphoneos*]" = "iPhone Developer";
				COPY_PHASE_STRIP = NO;
				DEBUG_INFORMATION_FORMAT = "dwarf-with-dsym";
				ENABLE_NS_ASSERTIONS = NO;
				ENABLE_STRICT_OBJC_MSGSEND = YES;
				GCC_C_LANGUAGE_STANDARD = gnu99;
				GCC_NO_COMMON_BLOCKS = YES;
				GCC_WARN_64_TO_32_BIT_CONVERSION = YES;
				GCC_WARN_ABOUT_RETURN_TYPE = YES_ERROR;
				GCC_WARN_UNDECLARED_SELECTOR = YES;
				GCC_WARN_UNINITIALIZED_AUTOS = YES_AGGRESSIVE;
				GCC_WARN_UNUSED_FUNCTION = YES;
				GCC_WARN_UNUSED_VARIABLE = YES;
				IPHONEOS_DEPLOYMENT_TARGET = 9.2;
				MTL_ENABLE_DEBUG_INFO = NO;
				SDKROOT = iphoneos;
				VALIDATE_PRODUCT = YES;
			};
			name = Release;
		};
		A3D5AEDF1C3CA558003695E9 /* Debug */ = {
			isa = XCBuildConfiguration;
			baseConfigurationReference = FCC6ECF5818C10558BC63D26 /* Pods.debug.xcconfig */;
			buildSettings = {
				ASSETCATALOG_COMPILER_APPICON_NAME = AppIcon;
				INFOPLIST_FILE = "Music Feed/Info.plist";
				LD_RUNPATH_SEARCH_PATHS = "$(inherited) @executable_path/Frameworks";
				PRODUCT_BUNDLE_IDENTIFIER = "sammut.Music-Feed";
				PRODUCT_NAME = "$(TARGET_NAME)";
			};
			name = Debug;
		};
		A3D5AEE01C3CA558003695E9 /* Release */ = {
			isa = XCBuildConfiguration;
			baseConfigurationReference = B8F51165AF3B38067D05879F /* Pods.release.xcconfig */;
			buildSettings = {
				ASSETCATALOG_COMPILER_APPICON_NAME = AppIcon;
				INFOPLIST_FILE = "Music Feed/Info.plist";
				LD_RUNPATH_SEARCH_PATHS = "$(inherited) @executable_path/Frameworks";
				PRODUCT_BUNDLE_IDENTIFIER = "sammut.Music-Feed";
				PRODUCT_NAME = "$(TARGET_NAME)";
			};
			name = Release;
		};
/* End XCBuildConfiguration section */

/* Begin XCConfigurationList section */
		A3D5AEC81C3CA558003695E9 /* Build configuration list for PBXProject "Music Feed" */ = {
			isa = XCConfigurationList;
			buildConfigurations = (
				A3D5AEDC1C3CA558003695E9 /* Debug */,
				A3D5AEDD1C3CA558003695E9 /* Release */,
			);
			defaultConfigurationIsVisible = 0;
			defaultConfigurationName = Release;
		};
		A3D5AEDE1C3CA558003695E9 /* Build configuration list for PBXNativeTarget "Music Feed" */ = {
			isa = XCConfigurationList;
			buildConfigurations = (
				A3D5AEDF1C3CA558003695E9 /* Debug */,
				A3D5AEE01C3CA558003695E9 /* Release */,
			);
			defaultConfigurationIsVisible = 0;
			defaultConfigurationName = Release;
		};
/* End XCConfigurationList section */

/* Begin XCVersionGroup section */
		A3B566C91C3CE8DF0054475E /* Model.xcdatamodeld */ = {
			isa = XCVersionGroup;
			children = (
				A3B566CA1C3CE8DF0054475E /* Model.xcdatamodel */,
			);
			currentVersion = A3B566CA1C3CE8DF0054475E /* Model.xcdatamodel */;
			path = Model.xcdatamodeld;
			sourceTree = "<group>";
			versionGroupType = wrapper.xcdatamodel;
		};
/* End XCVersionGroup section */
	};
	rootObject = A3D5AEC51C3CA558003695E9 /* Project object */;
}
